
Microsoft Visual Studio Solution File, Format Version 12.00
# Visual Studio Version 17
VisualStudioVersion = 17.4.33110.190
MinimumVisualStudioVersion = 10.0.40219.1
Project("{FAE04EC0-301F-11D3-BF4B-00C04F79EFBC}") = "dotnet-movie-api", "dotnet-movie-api\dotnet-movie-api.csproj", "{74D40B19-5B42-4C91-B0FE-95E7E0C639A9}"
EndProject
Global
	GlobalSection(SolutionConfigurationPlatforms) = preSolution
		Debug|Any CPU = Debug|Any CPU
		Release|Any CPU = Release|Any CPU
	EndGlobalSection
	GlobalSection(ProjectConfigurationPlatforms) = postSolution
		{74D40B19-5B42-4C91-B0FE-95E7E0C639A9}.Debug|Any CPU.ActiveCfg = Debug|Any CPU
		{74D40B19-5B42-4C91-B0FE-95E7E0C639A9}.Debug|Any CPU.Build.0 = Debug|Any CPU
		{74D40B19-5B42-4C91-B0FE-95E7E0C639A9}.Release|Any CPU.ActiveCfg = Release|Any CPU
		{74D40B19-5B42-4C91-B0FE-95E7E0C639A9}.Release|Any CPU.Build.0 = Release|Any CPU
	EndGlobalSection
	GlobalSection(SolutionProperties) = preSolution
		HideSolutionNode = FALSE
	EndGlobalSection
	GlobalSection(ExtensibilityGlobals) = postSolution
		SolutionGuid = {E6D1D7AE-DB5C-4659-9B27-08133F550EE6}
	EndGlobalSection
EndGlobal
